{
    "_meta": {
        "hash": {
            "sha256": "117dc5004bb429a9c825aeb7f33545f1ac5321a1d2d3da8f69a8589d3c27527d"
        },
        "pipfile-spec": 6,
        "requires": {
            "python_version": "3.7"
        },
        "sources": [
            {
                "name": "pypi",
                "url": "https://pypi.org/simple",
                "verify_ssl": true
            }
        ]
    },
    "default": {
        "youtube-dl": {
            "hashes": [
                "sha256:2d93776170dad5ef7b2d2cafdd0bdfb3db625e71d55ab66d725e04d05ce64d75",
                "sha256:7c78705c4b43f032df751d7791821bea80a80bc26a024514e194e2b7cdd3a643"
            ],
            "index": "pypi",
            "version": "==2019.10.16"
        }
    },
    "develop": {}
}
